
Microsoft Visual Studio Solution File, Format Version 12.00
# Visual Studio Version 17
VisualStudioVersion = 17.8.34330.188
MinimumVisualStudioVersion = 10.0.40219.1
Project("{FAE04EC0-301F-11D3-BF4B-00C04F79EFBC}") = "Redbox Mobile Command Center", "Redbox Mobile Command Center.csproj", "{BFAC3D96-FB7E-4CDB-9921-0A38A2A0BB54}"
EndProject
Global
	GlobalSection(SolutionConfigurationPlatforms) = preSolution
		Debug|Any CPU = Debug|Any CPU
		Release|Any CPU = Release|Any CPU
	EndGlobalSection
	GlobalSection(ProjectConfigurationPlatforms) = postSolution
		{BFAC3D96-FB7E-4CDB-9921-0A38A2A0BB54}.Debug|Any CPU.ActiveCfg = Debug|Any CPU
		{BFAC3D96-FB7E-4CDB-9921-0A38A2A0BB54}.Debug|Any CPU.Build.0 = Debug|Any CPU
		{BFAC3D96-FB7E-4CDB-9921-0A38A2A0BB54}.Release|Any CPU.ActiveCfg = Release|Any CPU
		{BFAC3D96-FB7E-4CDB-9921-0A38A2A0BB54}.Release|Any CPU.Build.0 = Release|Any CPU
	EndGlobalSection
	GlobalSection(SolutionProperties) = preSolution
		HideSolutionNode = FALSE
	EndGlobalSection
	GlobalSection(ExtensibilityGlobals) = postSolution
		SolutionGuid = {8972C15E-9977-4AF5-964B-376F44F26EE0}
	EndGlobalSection
EndGlobal
